# This file is automatically @generated by Cargo.
# It is not intended for manual editing.
version = 4

[[package]]
name = "async-runtime"
version = "0.1.0"

[[package]]
name = "database-engine"
version = "0.1.0"

[[package]]
name = "distributed-cache"
version = "0.1.0"

[[package]]
name = "lock-free-queue"
version = "0.1.0"

[[package]]
name = "memory-allocator"
version = "0.1.0"

[[package]]
name = "network-protocol"
version = "0.1.0"

[[package]]
name = "operating-system"
version = "0.1.0"

[[package]]
name = "systems-monitor"
version = "0.1.0"

[[package]]
name = "vm-runtime"
version = "0.1.0"
